
Microsoft Visual Studio Solution File, Format Version 12.00
# Visual Studio Version 17
VisualStudioVersion = 17.2.32519.379
MinimumVisualStudioVersion = 10.0.40219.1
Project("{9A19103F-16F7-4668-BE54-9A1E7A4F7556}") = "TangyWeb_Server", "TangyWeb_Server\TangyWeb_Server.csproj", "{8997C143-CBFC-42D6-BB20-1340634F4BB2}"
EndProject
Project("{FAE04EC0-301F-11D3-BF4B-00C04F79EFBC}") = "TangyWeb_Client", "TangyWeb_Client\TangyWeb_Client.csproj", "{1DC8ABDB-22DD-4B35-A655-2C7E17E0A5C5}"
EndProject
Global
	GlobalSection(SolutionConfigurationPlatforms) = preSolution
		Debug|Any CPU = Debug|Any CPU
		Release|Any CPU = Release|Any CPU
	EndGlobalSection
	GlobalSection(ProjectConfigurationPlatforms) = postSolution
		{8997C143-CBFC-42D6-BB20-1340634F4BB2}.Debug|Any CPU.ActiveCfg = Debug|Any CPU
		{8997C143-CBFC-42D6-BB20-1340634F4BB2}.Debug|Any CPU.Build.0 = Debug|Any CPU
		{8997C143-CBFC-42D6-BB20-1340634F4BB2}.Release|Any CPU.ActiveCfg = Release|Any CPU
		{8997C143-CBFC-42D6-BB20-1340634F4BB2}.Release|Any CPU.Build.0 = Release|Any CPU
		{1DC8ABDB-22DD-4B35-A655-2C7E17E0A5C5}.Debug|Any CPU.ActiveCfg = Debug|Any CPU
		{1DC8ABDB-22DD-4B35-A655-2C7E17E0A5C5}.Debug|Any CPU.Build.0 = Debug|Any CPU
		{1DC8ABDB-22DD-4B35-A655-2C7E17E0A5C5}.Release|Any CPU.ActiveCfg = Release|Any CPU
		{1DC8ABDB-22DD-4B35-A655-2C7E17E0A5C5}.Release|Any CPU.Build.0 = Release|Any CPU
	EndGlobalSection
	GlobalSection(SolutionProperties) = preSolution
		HideSolutionNode = FALSE
	EndGlobalSection
	GlobalSection(ExtensibilityGlobals) = postSolution
		SolutionGuid = {1FDEADF9-A3F8-4B60-A145-012D3FDAE102}
	EndGlobalSection
EndGlobal
